
Microsoft Visual Studio Solution File, Format Version 12.00
# Visual Studio Version 17
VisualStudioVersion = 17.14.37301.10 d17.14
MinimumVisualStudioVersion = 10.0.40219.1
Project("{FAE04EC0-301F-11D3-BF4B-00C04F79EFBC}") = "SimpleTodoApp", "SimpleTodoApp\SimpleTodoApp.csproj", "{8F25B74C-4772-408A-A1AE-C75C8EC4CEAD}"
EndProject
Global
	GlobalSection(SolutionConfigurationPlatforms) = preSolution
		Debug|Any CPU = Debug|Any CPU
		Release|Any CPU = Release|Any CPU
	EndGlobalSection
	GlobalSection(ProjectConfigurationPlatforms) = postSolution
		{8F25B74C-4772-408A-A1AE-C75C8EC4CEAD}.Debug|Any CPU.ActiveCfg = Debug|Any CPU
		{8F25B74C-4772-408A-A1AE-C75C8EC4CEAD}.Debug|Any CPU.Build.0 = Debug|Any CPU
		{8F25B74C-4772-408A-A1AE-C75C8EC4CEAD}.Release|Any CPU.ActiveCfg = Release|Any CPU
		{8F25B74C-4772-408A-A1AE-C75C8EC4CEAD}.Release|Any CPU.Build.0 = Release|Any CPU
	EndGlobalSection
	GlobalSection(SolutionProperties) = preSolution
		HideSolutionNode = FALSE
	EndGlobalSection
	GlobalSection(ExtensibilityGlobals) = postSolution
		SolutionGuid = {AFC7DFC9-3663-4FC9-84F7-0A08D5AA11C1}
	EndGlobalSection
EndGlobal
